
Microsoft Visual Studio Solution File, Format Version 12.00
# Visual Studio Version 16
VisualStudioVersion = 16.0.30011.22
MinimumVisualStudioVersion = 10.0.40219.1
Project("{9A19103F-16F7-4668-BE54-9A1E7A4F7556}") = "TestApiDemo", "TestApiDemo\TestApiDemo.csproj", "{77DE88B0-99A4-4A4F-8680-72217EB0FFA7}"
EndProject
Project("{2150E333-8FDC-42A3-9474-1A3956D46DE8}") = "Solution", "Solution", "{1E17E27A-2C3D-4187-8400-B7D75A0A8D32}"
	ProjectSection(SolutionItems) = preProject
		README.md = README.md
	EndProjectSection
EndProject
Project("{FAE04EC0-301F-11D3-BF4B-00C04F79EFBC}") = "TestApiDemo.Tests", "TestApiDemo.Tests\TestApiDemo.Tests.csproj", "{9B3B1133-EBC2-4386-8A89-DF48AFCE9678}"
EndProject
Global
	GlobalSection(SolutionConfigurationPlatforms) = preSolution
		Debug|Any CPU = Debug|Any CPU
		Release|Any CPU = Release|Any CPU
	EndGlobalSection
	GlobalSection(ProjectConfigurationPlatforms) = postSolution
		{77DE88B0-99A4-4A4F-8680-72217EB0FFA7}.Debug|Any CPU.ActiveCfg = Debug|Any CPU
		{77DE88B0-99A4-4A4F-8680-72217EB0FFA7}.Debug|Any CPU.Build.0 = Debug|Any CPU
		{77DE88B0-99A4-4A4F-8680-72217EB0FFA7}.Release|Any CPU.ActiveCfg = Release|Any CPU
		{77DE88B0-99A4-4A4F-8680-72217EB0FFA7}.Release|Any CPU.Build.0 = Release|Any CPU
		{9B3B1133-EBC2-4386-8A89-DF48AFCE9678}.Debug|Any CPU.ActiveCfg = Debug|Any CPU
		{9B3B1133-EBC2-4386-8A89-DF48AFCE9678}.Debug|Any CPU.Build.0 = Debug|Any CPU
		{9B3B1133-EBC2-4386-8A89-DF48AFCE9678}.Release|Any CPU.ActiveCfg = Release|Any CPU
		{9B3B1133-EBC2-4386-8A89-DF48AFCE9678}.Release|Any CPU.Build.0 = Release|Any CPU
	EndGlobalSection
	GlobalSection(SolutionProperties) = preSolution
		HideSolutionNode = FALSE
	EndGlobalSection
	GlobalSection(ExtensibilityGlobals) = postSolution
		SolutionGuid = {4EDA8D84-0DC2-4122-8CA6-AB6B8AB4CADA}
	EndGlobalSection
EndGlobal
